<?xml version="1.0" encoding="utf-8"?>
<Project ToolsVersion="4.0" xmlns="http://schemas.microsoft.com/developer/msbuild/2003">
  <ItemGroup>
    <Filter Include="Pliki źródłowe">
      <UniqueIdentifier>{4FC737F1-C7A5-4376-A066-2A32D752A2FF}</UniqueIdentifier>
      <Extensions>cpp;c;cc;cxx;c++;cppm;ixx;def;odl;idl;hpj;bat;asm;asmx</Extensions>
    </Filter>
    <Filter Include="Pliki nagłówkowe">
      <UniqueIdentifier>{93995380-89BD-4b04-88EB-625FBE52EBFB}</UniqueIdentifier>
      <Extensions>h;hh;hpp;hxx;h++;hm;inl;inc;ipp;xsd</Extensions>
    </Filter>
    <Filter Include="Pliki źródłowe\Pliki zasobów">
      <UniqueIdentifier>{67DA6AB6-F800-4c08-8B7A-83BB121AAD01}</UniqueIdentifier>
      <Extensions>rc;ico;cur;bmp;dlg;rc2;rct;bin;rgs;gif;jpg;jpeg;jpe;resx;tiff;tif;png;wav;mfcribbon-ms</Extensions>
    </Filter>
    <Filter Include="Pliki nagłówkowe\BaseClasses">
      <UniqueIdentifier>{062859a6-5fde-485b-a5f2-235428cb62db}</UniqueIdentifier>
    </Filter>
    <Filter Include="Pliki źródłowe\Pliki zasobów\BaseClasses">
      <UniqueIdentifier>{06a202aa-5fae-48f9-b4cb-42a024e913ec}</UniqueIdentifier>
    </Filter>
    <Filter Include="Pliki nagłówkowe\GameElements">
      <UniqueIdentifier>{c0bfd072-2b97-4f25-82b6-509f2c3a2a4d}</UniqueIdentifier>
    </Filter>
    <Filter Include="Pliki źródłowe\Pliki zasobów\GameElements">
      <UniqueIdentifier>{1a1b9cfe-3ee9-420a-8141-70a247ca362e}</UniqueIdentifier>
    </Filter>
  </ItemGroup>
  <ItemGroup>
    <ClCompile Include="RustyRoseEngine.cpp">
      <Filter>Pliki źródłowe</Filter>
    </ClCompile>
    <ClCompile Include="VDecoder.cpp">
      <Filter>Pliki źródłowe</Filter>
    </ClCompile>
    <ClCompile Include="Timer.cpp">
      <Filter>Pliki źródłowe</Filter>
    </ClCompile>
    <ClCompile Include="Sound.cpp">
      <Filter>Pliki źródłowe\Pliki zasobów\BaseClasses</Filter>
    </ClCompile>
    <ClCompile Include="Voice.cpp">
      <Filter>Pliki źródłowe\Pliki zasobów\GameElements</Filter>
    </ClCompile>
    <ClCompile Include="SoundEffect.cpp">
      <Filter>Pliki źródłowe\Pliki zasobów\GameElements</Filter>
    </ClCompile>
    <ClCompile Include="BackGroundMusic.cpp">
      <Filter>Pliki źródłowe\Pliki zasobów\GameElements</Filter>
    </ClCompile>
    <ClCompile Include="SharedUtils.h">
      <Filter>Pliki nagłówkowe</Filter>
    </ClCompile>
    <ClCompile Include="Image.cpp">
      <Filter>Pliki źródłowe\Pliki zasobów\BaseClasses</Filter>
    </ClCompile>
  </ItemGroup>
  <ItemGroup>
    <ClInclude Include="VDecoder.h">
      <Filter>Pliki nagłówkowe</Filter>
    </ClInclude>
    <ClInclude Include="Timer.h">
      <Filter>Pliki nagłówkowe</Filter>
    </ClInclude>
    <ClInclude Include="Sound.h">
      <Filter>Pliki nagłówkowe\BaseClasses</Filter>
    </ClInclude>
    <ClInclude Include="Voice.h">
      <Filter>Pliki nagłówkowe\GameElements</Filter>
    </ClInclude>
    <ClInclude Include="SoundEffect.h">
      <Filter>Pliki nagłówkowe\GameElements</Filter>
    </ClInclude>
    <ClInclude Include="BackGroundMusic.h">
      <Filter>Pliki nagłówkowe\GameElements</Filter>
    </ClInclude>
    <ClInclude Include="Image.h">
      <Filter>Pliki nagłówkowe\BaseClasses</Filter>
    </ClInclude>
  </ItemGroup>
</Project>